
Microsoft Visual Studio Solution File, Format Version 12.00
# Visual Studio Version 17
VisualStudioVersion = 17.1.31911.260
MinimumVisualStudioVersion = 10.0.40219.1
Project("{FAE04EC0-301F-11D3-BF4B-00C04F79EFBC}") = "CustomAPI", "CustomAPI\CustomAPI.csproj", "{6864B669-30CC-4613-99A8-66A35BCF671E}"
EndProject
Global
	GlobalSection(SolutionConfigurationPlatforms) = preSolution
		Debug|Any CPU = Debug|Any CPU
		Release|Any CPU = Release|Any CPU
	EndGlobalSection
	GlobalSection(ProjectConfigurationPlatforms) = postSolution
		{6864B669-30CC-4613-99A8-66A35BCF671E}.Debug|Any CPU.ActiveCfg = Debug|Any CPU
		{6864B669-30CC-4613-99A8-66A35BCF671E}.Debug|Any CPU.Build.0 = Debug|Any CPU
		{6864B669-30CC-4613-99A8-66A35BCF671E}.Release|Any CPU.ActiveCfg = Release|Any CPU
		{6864B669-30CC-4613-99A8-66A35BCF671E}.Release|Any CPU.Build.0 = Release|Any CPU
	EndGlobalSection
	GlobalSection(SolutionProperties) = preSolution
		HideSolutionNode = FALSE
	EndGlobalSection
	GlobalSection(ExtensibilityGlobals) = postSolution
		SolutionGuid = {66D854F6-3488-42CB-B122-BEFA08966D0B}
	EndGlobalSection
EndGlobal
